
Microsoft Visual Studio Solution File, Format Version 12.00
# Visual Studio Version 17
VisualStudioVersion = 17.0.31912.275
MinimumVisualStudioVersion = 10.0.40219.1
Project("{FAE04EC0-301F-11D3-BF4B-00C04F79EFBC}") = "IOCelceta", "IOCelceta\IOCelceta.csproj", "{08F7D00B-39B0-4EC2-98E6-2EDB6F98664D}"
EndProject
Project("{FAE04EC0-301F-11D3-BF4B-00C04F79EFBC}") = "Eresia", "Eresia\Eresia.csproj", "{D857430E-8FF8-4044-8C11-7FB4B602D309}"
EndProject
Project("{9A19103F-16F7-4668-BE54-9A1E7A4F7556}") = "Lombardia", "Lombardia\Lombardia.csproj", "{6A0FCA85-8CCB-42E2-9464-9D0C64B2F930}"
EndProject
Project("{9A19103F-16F7-4668-BE54-9A1E7A4F7556}") = "Seiren", "Seiren\Seiren.csproj", "{F3BD6F93-3CAE-42AF-8091-70481226AF9B}"
EndProject
Project("{9A19103F-16F7-4668-BE54-9A1E7A4F7556}") = "Xandria", "Xandria\Xandria.csproj", "{12AF1162-A037-4877-B822-A31533DC0201}"
EndProject
Project("{9A19103F-16F7-4668-BE54-9A1E7A4F7556}") = "Tirasweel", "Tirasweel\Tirasweel.csproj", "{964F7FBB-D786-4976-B757-9DE2433563DA}"
EndProject
Project("{9A19103F-16F7-4668-BE54-9A1E7A4F7556}") = "Napishtim", "Napishtim\Napishtim.csproj", "{9C447796-A7D3-447D-BFE5-603D4DA11784}"
EndProject
Project("{9A19103F-16F7-4668-BE54-9A1E7A4F7556}") = "ARK", "ARK\ARK.csproj", "{296A8191-92CD-4336-9E40-A6C1079F4E2C}"
EndProject
Project("{FAE04EC0-301F-11D3-BF4B-00C04F79EFBC}") = "Oceanus", "Oceanus\Oceanus.csproj", "{3D6093CB-9A8E-4A08-9806-1204C02DFE94}"
EndProject
Global
	GlobalSection(SolutionConfigurationPlatforms) = preSolution
		Debug|Any CPU = Debug|Any CPU
		Release|Any CPU = Release|Any CPU
	EndGlobalSection
	GlobalSection(ProjectConfigurationPlatforms) = postSolution
		{08F7D00B-39B0-4EC2-98E6-2EDB6F98664D}.Debug|Any CPU.ActiveCfg = Debug|Any CPU
		{08F7D00B-39B0-4EC2-98E6-2EDB6F98664D}.Debug|Any CPU.Build.0 = Debug|Any CPU
		{08F7D00B-39B0-4EC2-98E6-2EDB6F98664D}.Release|Any CPU.ActiveCfg = Release|Any CPU
		{08F7D00B-39B0-4EC2-98E6-2EDB6F98664D}.Release|Any CPU.Build.0 = Release|Any CPU
		{D857430E-8FF8-4044-8C11-7FB4B602D309}.Debug|Any CPU.ActiveCfg = Debug|Any CPU
		{D857430E-8FF8-4044-8C11-7FB4B602D309}.Debug|Any CPU.Build.0 = Debug|Any CPU
		{D857430E-8FF8-4044-8C11-7FB4B602D309}.Release|Any CPU.ActiveCfg = Release|Any CPU
		{D857430E-8FF8-4044-8C11-7FB4B602D309}.Release|Any CPU.Build.0 = Release|Any CPU
		{6A0FCA85-8CCB-42E2-9464-9D0C64B2F930}.Debug|Any CPU.ActiveCfg = Debug|Any CPU
		{6A0FCA85-8CCB-42E2-9464-9D0C64B2F930}.Debug|Any CPU.Build.0 = Debug|Any CPU
		{6A0FCA85-8CCB-42E2-9464-9D0C64B2F930}.Release|Any CPU.ActiveCfg = Release|Any CPU
		{6A0FCA85-8CCB-42E2-9464-9D0C64B2F930}.Release|Any CPU.Build.0 = Release|Any CPU
		{F3BD6F93-3CAE-42AF-8091-70481226AF9B}.Debug|Any CPU.ActiveCfg = Debug|Any CPU
		{F3BD6F93-3CAE-42AF-8091-70481226AF9B}.Debug|Any CPU.Build.0 = Debug|Any CPU
		{F3BD6F93-3CAE-42AF-8091-70481226AF9B}.Release|Any CPU.ActiveCfg = Release|Any CPU
		{F3BD6F93-3CAE-42AF-8091-70481226AF9B}.Release|Any CPU.Build.0 = Release|Any CPU
		{12AF1162-A037-4877-B822-A31533DC0201}.Debug|Any CPU.ActiveCfg = Debug|Any CPU
		{12AF1162-A037-4877-B822-A31533DC0201}.Debug|Any CPU.Build.0 = Debug|Any CPU
		{12AF1162-A037-4877-B822-A31533DC0201}.Release|Any CPU.ActiveCfg = Release|Any CPU
		{12AF1162-A037-4877-B822-A31533DC0201}.Release|Any CPU.Build.0 = Release|Any CPU
		{964F7FBB-D786-4976-B757-9DE2433563DA}.Debug|Any CPU.ActiveCfg = Debug|Any CPU
		{964F7FBB-D786-4976-B757-9DE2433563DA}.Debug|Any CPU.Build.0 = Debug|Any CPU
		{964F7FBB-D786-4976-B757-9DE2433563DA}.Release|Any CPU.ActiveCfg = Release|Any CPU
		{964F7FBB-D786-4976-B757-9DE2433563DA}.Release|Any CPU.Build.0 = Release|Any CPU
		{9C447796-A7D3-447D-BFE5-603D4DA11784}.Debug|Any CPU.ActiveCfg = Debug|Any CPU
		{9C447796-A7D3-447D-BFE5-603D4DA11784}.Debug|Any CPU.Build.0 = Debug|Any CPU
		{9C447796-A7D3-447D-BFE5-603D4DA11784}.Release|Any CPU.ActiveCfg = Release|Any CPU
		{9C447796-A7D3-447D-BFE5-603D4DA11784}.Release|Any CPU.Build.0 = Release|Any CPU
		{296A8191-92CD-4336-9E40-A6C1079F4E2C}.Debug|Any CPU.ActiveCfg = Debug|Any CPU
		{296A8191-92CD-4336-9E40-A6C1079F4E2C}.Debug|Any CPU.Build.0 = Debug|Any CPU
		{296A8191-92CD-4336-9E40-A6C1079F4E2C}.Release|Any CPU.ActiveCfg = Release|Any CPU
		{296A8191-92CD-4336-9E40-A6C1079F4E2C}.Release|Any CPU.Build.0 = Release|Any CPU
		{3D6093CB-9A8E-4A08-9806-1204C02DFE94}.Debug|Any CPU.ActiveCfg = Debug|Any CPU
		{3D6093CB-9A8E-4A08-9806-1204C02DFE94}.Debug|Any CPU.Build.0 = Debug|Any CPU
		{3D6093CB-9A8E-4A08-9806-1204C02DFE94}.Release|Any CPU.ActiveCfg = Release|Any CPU
		{3D6093CB-9A8E-4A08-9806-1204C02DFE94}.Release|Any CPU.Build.0 = Release|Any CPU
	EndGlobalSection
	GlobalSection(SolutionProperties) = preSolution
		HideSolutionNode = FALSE
	EndGlobalSection
	GlobalSection(ExtensibilityGlobals) = postSolution
		SolutionGuid = {EB9862CB-E794-4424-AAFF-35D5455CBF26}
	EndGlobalSection
EndGlobal
